{
  "requires": true,
  "lockfileVersion": 1,
  "dependencies": {
    "pdftohtmljs": {
      "version": "0.5.3",
      "resolved": "https://registry.npmjs.org/pdftohtmljs/-/pdftohtmljs-0.5.3.tgz",
      "integrity": "sha512-GYQ2hledH8OkJjwpAWMVL9Yejgvc7e0bytHSUXwxb7LGfJ/1Tn/jmX1ys1mOqT6X3xQZXwCGW9Aw6oK676Ffzw=="
    }
  }
}
